{
  "version": 4,
  "terraform_version": "1.5.5",
  "serial": 5,
  "lineage": "773d3928-29d6-ee06-1335-60ec1087309d",
  "outputs": {},
  "resources": [
    {
      "mode": "managed",
      "type": "databricks_pipeline",
      "name": "getting_started_ab_pipeline",
      "provider": "provider[\"registry.terraform.io/databricks/databricks\"]",
      "instances": [
        {
          "schema_version": 0,
          "attributes": {
            "allow_duplicate_names": false,
            "budget_policy_id": null,
            "catalog": "workspace",
            "cause": null,
            "channel": "CURRENT",
            "cluster": [],
            "cluster_id": null,
            "configuration": {
              "bundle.sourcePath": "/Workspace/Shared/databricks_getting_started_ab/prod/files/src"
            },
            "continuous": false,
            "creator_user_name": "ngawang@customology.com.au",
            "deployment": [
              {
                "kind": "BUNDLE",
                "metadata_file_path": "/Workspace/Shared/databricks_getting_started_ab/prod/state/metadata.json"
              }
            ],
            "development": false,
            "edition": "ADVANCED",
            "event_log": [],
            "expected_last_modified": 0,
            "filters": [],
            "gateway_definition": [],
            "health": null,
            "id": "7b1f785d-f0f7-4c37-a1d9-0fccfb57340f",
            "ingestion_definition": [],
            "last_modified": 1750827449812,
            "latest_updates": [],
            "library": [
              {
                "file": [],
                "glob": [],
                "jar": "",
                "maven": [],
                "notebook": [
                  {
                    "path": "/Workspace/Shared/databricks_getting_started_ab/prod/files/src/dlt_pipeline"
                  }
                ],
                "whl": ""
              }
            ],
            "name": "getting_started_ab_pipeline",
            "notification": [],
            "photon": false,
            "restart_window": [],
            "root_path": null,
            "run_as": [
              {
                "service_principal_name": "",
                "user_name": "ngawang@customology.com.au"
              }
            ],
            "run_as_user_name": "ngawang@customology.com.au",
            "schema": "getting_started_ab_prod",
            "serverless": true,
            "state": "IDLE",
            "storage": null,
            "target": null,
            "timeouts": null,
            "trigger": [],
            "url": "https://dbc-16662adf-d08b.cloud.databricks.com/#joblist/pipelines/7b1f785d-f0f7-4c37-a1d9-0fccfb57340f"
          },
          "sensitive_attributes": [],
          "private": "eyJlMmJmYjczMC1lY2FhLTExZTYtOGY4OC0zNDM2M2JjN2M0YzAiOnsiY3JlYXRlIjoxMjAwMDAwMDAwMDAwLCJkZWZhdWx0IjoxMjAwMDAwMDAwMDAwLCJkZWxldGUiOjEyMDAwMDAwMDAwMDAsInJlYWQiOjEyMDAwMDAwMDAwMDAsInVwZGF0ZSI6MTIwMDAwMDAwMDAwMH19"
        }
      ]
    },
    {
      "mode": "managed",
      "type": "databricks_pipeline",
      "name": "getting_started_ab_pipeline_copy",
      "provider": "provider[\"registry.terraform.io/databricks/databricks\"]",
      "instances": [
        {
          "schema_version": 0,
          "attributes": {
            "allow_duplicate_names": false,
            "budget_policy_id": null,
            "catalog": "workspace",
            "cause": null,
            "channel": "CURRENT",
            "cluster": [],
            "cluster_id": null,
            "configuration": {
              "bundle.sourcePath": "/Workspace/Shared/databricks_getting_started_ab/prod/files/src"
            },
            "continuous": false,
            "creator_user_name": "ngawang@customology.com.au",
            "deployment": [
              {
                "kind": "BUNDLE",
                "metadata_file_path": "/Workspace/Shared/databricks_getting_started_ab/prod/state/metadata.json"
              }
            ],
            "development": false,
            "edition": "ADVANCED",
            "event_log": [],
            "expected_last_modified": 0,
            "filters": [],
            "gateway_definition": [],
            "health": null,
            "id": "71cccab8-509f-4386-b365-8b275881d077",
            "ingestion_definition": [],
            "last_modified": 1750829065494,
            "latest_updates": null,
            "library": [
              {
                "file": [],
                "glob": [],
                "jar": "",
                "maven": [],
                "notebook": [
                  {
                    "path": "/Workspace/Shared/databricks_getting_started_ab/prod/files/src/dlt_pipeline"
                  }
                ],
                "whl": ""
              }
            ],
            "name": "getting_started_ab_pipeline_copy",
            "notification": [],
            "photon": false,
            "restart_window": [],
            "root_path": null,
            "run_as": [
              {
                "service_principal_name": "",
                "user_name": "ngawang@customology.com.au"
              }
            ],
            "run_as_user_name": "ngawang@customology.com.au",
            "schema": "getting_started_ab_prod",
            "serverless": true,
            "state": "IDLE",
            "storage": null,
            "target": null,
            "timeouts": null,
            "trigger": [],
            "url": "https://dbc-16662adf-d08b.cloud.databricks.com/#joblist/pipelines/71cccab8-509f-4386-b365-8b275881d077"
          },
          "sensitive_attributes": [],
          "private": "eyJlMmJmYjczMC1lY2FhLTExZTYtOGY4OC0zNDM2M2JjN2M0YzAiOnsiY3JlYXRlIjoxMjAwMDAwMDAwMDAwLCJkZWZhdWx0IjoxMjAwMDAwMDAwMDAwLCJkZWxldGUiOjEyMDAwMDAwMDAwMDAsInJlYWQiOjEyMDAwMDAwMDAwMDAsInVwZGF0ZSI6MTIwMDAwMDAwMDAwMH19"
        }
      ]
    }
  ],
  "check_results": null
}
